
Microsoft Visual Studio Solution File, Format Version 12.00
# Visual Studio Version 16
VisualStudioVersion = 16.0.31105.61
MinimumVisualStudioVersion = 10.0.40219.1
Project("{9A19103F-16F7-4668-BE54-9A1E7A4F7556}") = "Triangle", "Triangle\Triangle.csproj", "{F749D8DD-389A-45E2-A30E-05F7599F4CB8}"
EndProject
Global
	GlobalSection(SolutionConfigurationPlatforms) = preSolution
		Debug|Any CPU = Debug|Any CPU
		Release|Any CPU = Release|Any CPU
	EndGlobalSection
	GlobalSection(ProjectConfigurationPlatforms) = postSolution
		{F749D8DD-389A-45E2-A30E-05F7599F4CB8}.Debug|Any CPU.ActiveCfg = Debug|Any CPU
		{F749D8DD-389A-45E2-A30E-05F7599F4CB8}.Debug|Any CPU.Build.0 = Debug|Any CPU
		{F749D8DD-389A-45E2-A30E-05F7599F4CB8}.Release|Any CPU.ActiveCfg = Release|Any CPU
		{F749D8DD-389A-45E2-A30E-05F7599F4CB8}.Release|Any CPU.Build.0 = Release|Any CPU
	EndGlobalSection
	GlobalSection(SolutionProperties) = preSolution
		HideSolutionNode = FALSE
	EndGlobalSection
	GlobalSection(ExtensibilityGlobals) = postSolution
		SolutionGuid = {DE5FD21D-A05B-4622-8BFA-3FA9BAAE34B1}
	EndGlobalSection
EndGlobal
